// !$*UTF8*$!
{
	archiveVersion = 1;
	classes = {
	};
	objectVersion = 46;
	objects = {

/* Begin PBXBuildFile section */
		188A79C9B5C8376359016314 /* Pods_ATKdemo.framework in Frameworks */ = {isa = PBXBuildFile; fileRef = F052F6A8EC1188C0AD3DFF7E /* Pods_ATKdemo.framework */; };
		3811369F1DE97EA70074EB39 /* RegisterViewController.swift in Sources */ = {isa = PBXBuildFile; fileRef = 3811369E1DE97EA70074EB39 /* RegisterViewController.swift */; };
		381136A11DE982960074EB39 /* Items.swift in Sources */ = {isa = PBXBuildFile; fileRef = 381136A01DE982960074EB39 /* Items.swift */; };
		38F806901DE9786100846D13 /* AppDelegate.swift in Sources */ = {isa = PBXBuildFile; fileRef = 38F8068F1DE9786100846D13 /* AppDelegate.swift */; };
		38F806921DE9786100846D13 /* ViewController.swift in Sources */ = {isa = PBXBuildFile; fileRef = 38F806911DE9786100846D13 /* ViewController.swift */; };
		38F806951DE9786100846D13 /* Main.storyboard in Resources */ = {isa = PBXBuildFile; fileRef = 38F806931DE9786100846D13 /* Main.storyboard */; };
		38F806971DE9786100846D13 /* Assets.xcassets in Resources */ = {isa = PBXBuildFile; fileRef = 38F806961DE9786100846D13 /* Assets.xcassets */; };
		38F8069A1DE9786100846D13 /* LaunchScreen.storyboard in Resources */ = {isa = PBXBuildFile; fileRef = 38F806981DE9786100846D13 /* LaunchScreen.storyboard */; };
		38F806A51DE9786100846D13 /* ATKdemoTests.swift in Sources */ = {isa = PBXBuildFile; fileRef = 38F806A41DE9786100846D13 /* ATKdemoTests.swift */; };
		38F806B01DE9786100846D13 /* ATKdemoUITests.swift in Sources */ = {isa = PBXBuildFile; fileRef = 38F806AF1DE9786100846D13 /* ATKdemoUITests.swift */; };
/* End PBXBuildFile section */

/* Begin PBXContainerItemProxy section */
		38F806A11DE9786100846D13 /* PBXContainerItemProxy */ = {
			isa = PBXContainerItemProxy;
			containerPortal = 38F806841DE9786000846D13 /* Project object */;
			proxyType = 1;
			remoteGlobalIDString = 38F8068B1DE9786000846D13;
			remoteInfo = ATKdemo;
		};
		38F806AC1DE9786100846D13 /* PBXContainerItemProxy */ = {
			isa = PBXContainerItemProxy;
			containerPortal = 38F806841DE9786000846D13 /* Project object */;
			proxyType = 1;
			remoteGlobalIDString = 38F8068B1DE9786000846D13;
			remoteInfo = ATKdemo;
		};
/* End PBXContainerItemProxy section */

/* Begin PBXFileReference section */
		3811369E1DE97EA70074EB39 /* RegisterViewController.swift */ = {isa = PBXFileReference; fileEncoding = 4; lastKnownFileType = sourcecode.swift; path = RegisterViewController.swift; sourceTree = "<group>"; };
		381136A01DE982960074EB39 /* Items.swift */ = {isa = PBXFileReference; fileEncoding = 4; lastKnownFileType = sourcecode.swift; name = Items.swift; path = ../../loginEx/loginEx/Items.swift; sourceTree = "<group>"; };
		38F8068C1DE9786100846D13 /* ATKdemo.app */ = {isa = PBXFileReference; explicitFileType = wrapper.application; includeInIndex = 0; path = ATKdemo.app; sourceTree = BUILT_PRODUCTS_DIR; };
		38F8068F1DE9786100846D13 /* AppDelegate.swift */ = {isa = PBXFileReference; lastKnownFileType = sourcecode.swift; path = AppDelegate.swift; sourceTree = "<group>"; };
		38F806911DE9786100846D13 /* ViewController.swift */ = {isa = PBXFileReference; lastKnownFileType = sourcecode.swift; path = ViewController.swift; sourceTree = "<group>"; };
		38F806941DE9786100846D13 /* Base */ = {isa = PBXFileReference; lastKnownFileType = file.storyboard; name = Base; path = Base.lproj/Main.storyboard; sourceTree = "<group>"; };
		38F806961DE9786100846D13 /* Assets.xcassets */ = {isa = PBXFileReference; lastKnownFileType = folder.assetcatalog; path = Assets.xcassets; sourceTree = "<group>"; };
		38F806991DE9786100846D13 /* Base */ = {isa = PBXFileReference; lastKnownFileType = file.storyboard; name = Base; path = Base.lproj/LaunchScreen.storyboard; sourceTree = "<group>"; };
		38F8069B1DE9786100846D13 /* Info.plist */ = {isa = PBXFileReference; lastKnownFileType = text.plist.xml; path = Info.plist; sourceTree = "<group>"; };
		38F806A01DE9786100846D13 /* ATKdemoTests.xctest */ = {isa = PBXFileReference; explicitFileType = wrapper.cfbundle; includeInIndex = 0; path = ATKdemoTests.xctest; sourceTree = BUILT_PRODUCTS_DIR; };
		38F806A41DE9786100846D13 /* ATKdemoTests.swift */ = {isa = PBXFileReference; lastKnownFileType = sourcecode.swift; path = ATKdemoTests.swift; sourceTree = "<group>"; };
		38F806A61DE9786100846D13 /* Info.plist */ = {isa = PBXFileReference; lastKnownFileType = text.plist.xml; path = Info.plist; sourceTree = "<group>"; };
		38F806AB1DE9786100846D13 /* ATKdemoUITests.xctest */ = {isa = PBXFileReference; explicitFileType = wrapper.cfbundle; includeInIndex = 0; path = ATKdemoUITests.xctest; sourceTree = BUILT_PRODUCTS_DIR; };
		38F806AF1DE9786100846D13 /* ATKdemoUITests.swift */ = {isa = PBXFileReference; lastKnownFileType = sourcecode.swift; path = ATKdemoUITests.swift; sourceTree = "<group>"; };
		38F806B11DE9786100846D13 /* Info.plist */ = {isa = PBXFileReference; lastKnownFileType = text.plist.xml; path = Info.plist; sourceTree = "<group>"; };
		59E66E1C84625423F0B66DFF /* Pods-ATKdemo.release.xcconfig */ = {isa = PBXFileReference; includeInIndex = 1; lastKnownFileType = text.xcconfig; name = "Pods-ATKdemo.release.xcconfig"; path = "Pods/Target Support Files/Pods-ATKdemo/Pods-ATKdemo.release.xcconfig"; sourceTree = "<group>"; };
		64B652BD2B2CE605EABAD57A /* Pods-ATKdemo.debug.xcconfig */ = {isa = PBXFileReference; includeInIndex = 1; lastKnownFileType = text.xcconfig; name = "Pods-ATKdemo.debug.xcconfig"; path = "Pods/Target Support Files/Pods-ATKdemo/Pods-ATKdemo.debug.xcconfig"; sourceTree = "<group>"; };
		F052F6A8EC1188C0AD3DFF7E /* Pods_ATKdemo.framework */ = {isa = PBXFileReference; explicitFileType = wrapper.framework; includeInIndex = 0; path = Pods_ATKdemo.framework; sourceTree = BUILT_PRODUCTS_DIR; };
/* End PBXFileReference section */

/* Begin PBXFrameworksBuildPhase section */
		38F806891DE9786000846D13 /* Frameworks */ = {
			isa = PBXFrameworksBuildPhase;
			buildActionMask = 2147483647;
			files = (
				188A79C9B5C8376359016314 /* Pods_ATKdemo.framework in Frameworks */,
			);
			runOnlyForDeploymentPostprocessing = 0;
		};
		38F8069D1DE9786100846D13 /* Frameworks */ = {
			isa = PBXFrameworksBuildPhase;
			buildActionMask = 2147483647;
			files = (
			);
			runOnlyForDeploymentPostprocessing = 0;
		};
		38F806A81DE9786100846D13 /* Frameworks */ = {
			isa = PBXFrameworksBuildPhase;
			buildActionMask = 2147483647;
			files = (
			);
			runOnlyForDeploymentPostprocessing = 0;
		};
/* End PBXFrameworksBuildPhase section */

/* Begin PBXGroup section */
		38F806831DE9786000846D13 = {
			isa = PBXGroup;
			children = (
				38F8068E1DE9786100846D13 /* ATKdemo */,
				38F806A31DE9786100846D13 /* ATKdemoTests */,
				38F806AE1DE9786100846D13 /* ATKdemoUITests */,
				38F8068D1DE9786100846D13 /* Products */,
				3B1670925229426FB6ECB058 /* Pods */,
				3E217A70B89789A7B549652B /* Frameworks */,
			);
			sourceTree = "<group>";
		};
		38F8068D1DE9786100846D13 /* Products */ = {
			isa = PBXGroup;
			children = (
				38F8068C1DE9786100846D13 /* ATKdemo.app */,
				38F806A01DE9786100846D13 /* ATKdemoTests.xctest */,
				38F806AB1DE9786100846D13 /* ATKdemoUITests.xctest */,
			);
			name = Products;
			sourceTree = "<group>";
		};
		38F8068E1DE9786100846D13 /* ATKdemo */ = {
			isa = PBXGroup;
			children = (
				38F8068F1DE9786100846D13 /* AppDelegate.swift */,
				38F806911DE9786100846D13 /* ViewController.swift */,
				38F806931DE9786100846D13 /* Main.storyboard */,
				3811369E1DE97EA70074EB39 /* RegisterViewController.swift */,
				381136A01DE982960074EB39 /* Items.swift */,
				38F806961DE9786100846D13 /* Assets.xcassets */,
				38F806981DE9786100846D13 /* LaunchScreen.storyboard */,
				38F8069B1DE9786100846D13 /* Info.plist */,
			);
			path = ATKdemo;
			sourceTree = "<group>";
		};
		38F806A31DE9786100846D13 /* ATKdemoTests */ = {
			isa = PBXGroup;
			children = (
				38F806A41DE9786100846D13 /* ATKdemoTests.swift */,
				38F806A61DE9786100846D13 /* Info.plist */,
			);
			path = ATKdemoTests;
			sourceTree = "<group>";
		};
		38F806AE1DE9786100846D13 /* ATKdemoUITests */ = {
			isa = PBXGroup;
			children = (
				38F806AF1DE9786100846D13 /* ATKdemoUITests.swift */,
				38F806B11DE9786100846D13 /* Info.plist */,
			);
			path = ATKdemoUITests;
			sourceTree = "<group>";
		};
		3B1670925229426FB6ECB058 /* Pods */ = {
			isa = PBXGroup;
			children = (
				64B652BD2B2CE605EABAD57A /* Pods-ATKdemo.debug.xcconfig */,
				59E66E1C84625423F0B66DFF /* Pods-ATKdemo.release.xcconfig */,
			);
			name = Pods;
			sourceTree = "<group>";
		};
		3E217A70B89789A7B549652B /* Frameworks */ = {
			isa = PBXGroup;
			children = (
				F052F6A8EC1188C0AD3DFF7E /* Pods_ATKdemo.framework */,
			);
			name = Frameworks;
			sourceTree = "<group>";
		};
/* End PBXGroup section */

/* Begin PBXNativeTarget section */
		38F8068B1DE9786000846D13 /* ATKdemo */ = {
			isa = PBXNativeTarget;
			buildConfigurationList = 38F806B41DE9786100846D13 /* Build configuration list for PBXNativeTarget "ATKdemo" */;
			buildPhases = (
				C876F191776F523F57000E2D /* [CP] Check Pods Manifest.lock */,
				38F806881DE9786000846D13 /* Sources */,
				38F806891DE9786000846D13 /* Frameworks */,
				38F8068A1DE9786000846D13 /* Resources */,
				803179A86C6BBA1E62C4700A /* [CP] Embed Pods Frameworks */,
				1C48E1EA5690052FF2868177 /* [CP] Copy Pods Resources */,
			);
			buildRules = (
			);
			dependencies = (
			);
			name = ATKdemo;
			productName = ATKdemo;
			productReference = 38F8068C1DE9786100846D13 /* ATKdemo.app */;
			productType = "com.apple.product-type.application";
		};
		38F8069F1DE9786100846D13 /* ATKdemoTests */ = {
			isa = PBXNativeTarget;
			buildConfigurationList = 38F806B71DE9786100846D13 /* Build configuration list for PBXNativeTarget "ATKdemoTests" */;
			buildPhases = (
				38F8069C1DE9786100846D13 /* Sources */,
				38F8069D1DE9786100846D13 /* Frameworks */,
				38F8069E1DE9786100846D13 /* Resources */,
			);
			buildRules = (
			);
			dependencies = (
				38F806A21DE9786100846D13 /* PBXTargetDependency */,
			);
			name = ATKdemoTests;
			productName = ATKdemoTests;
			productReference = 38F806A01DE9786100846D13 /* ATKdemoTests.xctest */;
			productType = "com.apple.product-type.bundle.unit-test";
		};
		38F806AA1DE9786100846D13 /* ATKdemoUITests */ = {
			isa = PBXNativeTarget;
			buildConfigurationList = 38F806BA1DE9786100846D13 /* Build configuration list for PBXNativeTarget "ATKdemoUITests" */;
			buildPhases = (
				38F806A71DE9786100846D13 /* Sources */,
				38F806A81DE9786100846D13 /* Frameworks */,
				38F806A91DE9786100846D13 /* Resources */,
			);
			buildRules = (
			);
			dependencies = (
				38F806AD1DE9786100846D13 /* PBXTargetDependency */,
			);
			name = ATKdemoUITests;
			productName = ATKdemoUITests;
			productReference = 38F806AB1DE9786100846D13 /* ATKdemoUITests.xctest */;
			productType = "com.apple.product-type.bundle.ui-testing";
		};
/* End PBXNativeTarget section */

/* Begin PBXProject section */
		38F806841DE9786000846D13 /* Project object */ = {
			isa = PBXProject;
			attributes = {
				LastSwiftUpdateCheck = 0810;
				LastUpgradeCheck = 0810;
				ORGANIZATIONNAME = xuhelios;
				TargetAttributes = {
					38F8068B1DE9786000846D13 = {
						CreatedOnToolsVersion = 8.1;
						DevelopmentTeam = S7QWTC4RY5;
						ProvisioningStyle = Automatic;
					};
					38F8069F1DE9786100846D13 = {
						CreatedOnToolsVersion = 8.1;
						DevelopmentTeam = S7QWTC4RY5;
						ProvisioningStyle = Automatic;
						TestTargetID = 38F8068B1DE9786000846D13;
					};
					38F806AA1DE9786100846D13 = {
						CreatedOnToolsVersion = 8.1;
						DevelopmentTeam = S7QWTC4RY5;
						ProvisioningStyle = Automatic;
						TestTargetID = 38F8068B1DE9786000846D13;
					};
				};
			};
			buildConfigurationList = 38F806871DE9786000846D13 /* Build configuration list for PBXProject "ATKdemo" */;
			compatibilityVersion = "Xcode 3.2";
			developmentRegion = English;
			hasScannedForEncodings = 0;
			knownRegions = (
				en,
				Base,
			);
			mainGroup = 38F806831DE9786000846D13;
			productRefGroup = 38F8068D1DE9786100846D13 /* Products */;
			projectDirPath = "";
			projectRoot = "";
			targets = (
				38F8068B1DE9786000846D13 /* ATKdemo */,
				38F8069F1DE9786100846D13 /* ATKdemoTests */,
				38F806AA1DE9786100846D13 /* ATKdemoUITests */,
			);
		};
/* End PBXProject section */

/* Begin PBXResourcesBuildPhase section */
		38F8068A1DE9786000846D13 /* Resources */ = {
			isa = PBXResourcesBuildPhase;
			buildActionMask = 2147483647;
			files = (
				38F8069A1DE9786100846D13 /* LaunchScreen.storyboard in Resources */,
				38F806971DE9786100846D13 /* Assets.xcassets in Resources */,
				38F806951DE9786100846D13 /* Main.storyboard in Resources */,
			);
			runOnlyForDeploymentPostprocessing = 0;
		};
		38F8069E1DE9786100846D13 /* Resources */ = {
			isa = PBXResourcesBuildPhase;
			buildActionMask = 2147483647;
			files = (
			);
			runOnlyForDeploymentPostprocessing = 0;
		};
		38F806A91DE9786100846D13 /* Resources */ = {
			isa = PBXResourcesBuildPhase;
			buildActionMask = 2147483647;
			files = (
			);
			runOnlyForDeploymentPostprocessing = 0;
		};
/* End PBXResourcesBuildPhase section */

/* Begin PBXShellScriptBuildPhase section */
		1C48E1EA5690052FF2868177 /* [CP] Copy Pods Resources */ = {
			isa = PBXShellScriptBuildPhase;
			buildActionMask = 2147483647;
			files = (
			);
			inputPaths = (
			);
			name = "[CP] Copy Pods Resources";
			outputPaths = (
			);
			runOnlyForDeploymentPostprocessing = 0;
			shellPath = /bin/sh;
			shellScript = "\"${SRCROOT}/Pods/Target Support Files/Pods-ATKdemo/Pods-ATKdemo-resources.sh\"\n";
			showEnvVarsInLog = 0;
		};
		803179A86C6BBA1E62C4700A /* [CP] Embed Pods Frameworks */ = {
			isa = PBXShellScriptBuildPhase;
			buildActionMask = 2147483647;
			files = (
			);
			inputPaths = (
			);
			name = "[CP] Embed Pods Frameworks";
			outputPaths = (
			);
			runOnlyForDeploymentPostprocessing = 0;
			shellPath = /bin/sh;
			shellScript = "\"${SRCROOT}/Pods/Target Support Files/Pods-ATKdemo/Pods-ATKdemo-frameworks.sh\"\n";
			showEnvVarsInLog = 0;
		};
		C876F191776F523F57000E2D /* [CP] Check Pods Manifest.lock */ = {
			isa = PBXShellScriptBuildPhase;
			buildActionMask = 2147483647;
			files = (
			);
			inputPaths = (
			);
			name = "[CP] Check Pods Manifest.lock";
			outputPaths = (
			);
			runOnlyForDeploymentPostprocessing = 0;
			shellPath = /bin/sh;
			shellScript = "diff \"${PODS_ROOT}/../Podfile.lock\" \"${PODS_ROOT}/Manifest.lock\" > /dev/null\nif [ $? != 0 ] ; then\n    # print error to STDERR\n    echo \"error: The sandbox is not in sync with the Podfile.lock. Run 'pod install' or update your CocoaPods installation.\" >&2\n    exit 1\nfi\n";
			showEnvVarsInLog = 0;
		};
/* End PBXShellScriptBuildPhase section */

/* Begin PBXSourcesBuildPhase section */
		38F806881DE9786000846D13 /* Sources */ = {
			isa = PBXSourcesBuildPhase;
			buildActionMask = 2147483647;
			files = (
				381136A11DE982960074EB39 /* Items.swift in Sources */,
				3811369F1DE97EA70074EB39 /* RegisterViewController.swift in Sources */,
				38F806921DE9786100846D13 /* ViewController.swift in Sources */,
				38F806901DE9786100846D13 /* AppDelegate.swift in Sources */,
			);
			runOnlyForDeploymentPostprocessing = 0;
		};
		38F8069C1DE9786100846D13 /* Sources */ = {
			isa = PBXSourcesBuildPhase;
			buildActionMask = 2147483647;
			files = (
				38F806A51DE9786100846D13 /* ATKdemoTests.swift in Sources */,
			);
			runOnlyForDeploymentPostprocessing = 0;
		};
		38F806A71DE9786100846D13 /* Sources */ = {
			isa = PBXSourcesBuildPhase;
			buildActionMask = 2147483647;
			files = (
				38F806B01DE9786100846D13 /* ATKdemoUITests.swift in Sources */,
			);
			runOnlyForDeploymentPostprocessing = 0;
		};
/* End PBXSourcesBuildPhase section */

/* Begin PBXTargetDependency section */
		38F806A21DE9786100846D13 /* PBXTargetDependency */ = {
			isa = PBXTargetDependency;
			target = 38F8068B1DE9786000846D13 /* ATKdemo */;
			targetProxy = 38F806A11DE9786100846D13 /* PBXContainerItemProxy */;
		};
		38F806AD1DE9786100846D13 /* PBXTargetDependency */ = {
			isa = PBXTargetDependency;
			target = 38F8068B1DE9786000846D13 /* ATKdemo */;
			targetProxy = 38F806AC1DE9786100846D13 /* PBXContainerItemProxy */;
		};
/* End PBXTargetDependency section */

/* Begin PBXVariantGroup section */
		38F806931DE9786100846D13 /* Main.storyboard */ = {
			isa = PBXVariantGroup;
			children = (
				38F806941DE9786100846D13 /* Base */,
			);
			name = Main.storyboard;
			sourceTree = "<group>";
		};
		38F806981DE9786100846D13 /* LaunchScreen.storyboard */ = {
			isa = PBXVariantGroup;
			children = (
				38F806991DE9786100846D13 /* Base */,
			);
			name = LaunchScreen.storyboard;
			sourceTree = "<group>";
		};
/* End PBXVariantGroup section */

/* Begin XCBuildConfiguration section */
		38F806B21DE9786100846D13 /* Debug */ = {
			isa = XCBuildConfiguration;
			buildSettings = {
				ALWAYS_SEARCH_USER_PATHS = NO;
				CLANG_ANALYZER_NONNULL = YES;
				CLANG_CXX_LANGUAGE_STANDARD = "gnu++0x";
				CLANG_CXX_LIBRARY = "libc++";
				CLANG_ENABLE_MODULES = YES;
				CLANG_ENABLE_OBJC_ARC = YES;
				CLANG_WARN_BOOL_CONVERSION = YES;
				CLANG_WARN_CONSTANT_CONVERSION = YES;
				CLANG_WARN_DIRECT_OBJC_ISA_USAGE = YES_ERROR;
				CLANG_WARN_DOCUMENTATION_COMMENTS = YES;
				CLANG_WARN_EMPTY_BODY = YES;
				CLANG_WARN_ENUM_CONVERSION = YES;
				CLANG_WARN_INFINITE_RECURSION = YES;
				CLANG_WARN_INT_CONVERSION = YES;
				CLANG_WARN_OBJC_ROOT_CLASS = YES_ERROR;
				CLANG_WARN_SUSPICIOUS_MOVES = YES;
				CLANG_WARN_UNREACHABLE_CODE = YES;
				CLANG_WARN__DUPLICATE_METHOD_MATCH = YES;
				"CODE_SIGN_IDENTITY[sdk=iphoneos*]" = "iPhone Developer";
				COPY_PHASE_STRIP = NO;
				DEBUG_INFORMATION_FORMAT = dwarf;
				ENABLE_STRICT_OBJC_MSGSEND = YES;
				ENABLE_TESTABILITY = YES;
				GCC_C_LANGUAGE_STANDARD = gnu99;
				GCC_DYNAMIC_NO_PIC = NO;
				GCC_NO_COMMON_BLOCKS = YES;
				GCC_OPTIMIZATION_LEVEL = 0;
				GCC_PREPROCESSOR_DEFINITIONS = (
					"DEBUG=1",
					"$(inherited)",
				);
				GCC_WARN_64_TO_32_BIT_CONVERSION = YES;
				GCC_WARN_ABOUT_RETURN_TYPE = YES_ERROR;
				GCC_WARN_UNDECLARED_SELECTOR = YES;
				GCC_WARN_UNINITIALIZED_AUTOS = YES_AGGRESSIVE;
				GCC_WARN_UNUSED_FUNCTION = YES;
				GCC_WARN_UNUSED_VARIABLE = YES;
				IPHONEOS_DEPLOYMENT_TARGET = 10.1;
				MTL_ENABLE_DEBUG_INFO = YES;
				ONLY_ACTIVE_ARCH = YES;
				SDKROOT = iphoneos;
				SWIFT_ACTIVE_COMPILATION_CONDITIONS = DEBUG;
				SWIFT_OPTIMIZATION_LEVEL = "-Onone";
			};
			name = Debug;
		};
		38F806B31DE9786100846D13 /* Release */ = {
			isa = XCBuildConfiguration;
			buildSettings = {
				ALWAYS_SEARCH_USER_PATHS = NO;
				CLANG_ANALYZER_NONNULL = YES;
				CLANG_CXX_LANGUAGE_STANDARD = "gnu++0x";
				CLANG_CXX_LIBRARY = "libc++";
				CLANG_ENABLE_MODULES = YES;
				CLANG_ENABLE_OBJC_ARC = YES;
				CLANG_WARN_BOOL_CONVERSION = YES;
				CLANG_WARN_CONSTANT_CONVERSION = YES;
				CLANG_WARN_DIRECT_OBJC_ISA_USAGE = YES_ERROR;
				CLANG_WARN_DOCUMENTATION_COMMENTS = YES;
				CLANG_WARN_EMPTY_BODY = YES;
				CLANG_WARN_ENUM_CONVERSION = YES;
				CLANG_WARN_INFINITE_RECURSION = YES;
				CLANG_WARN_INT_CONVERSION = YES;
				CLANG_WARN_OBJC_ROOT_CLASS = YES_ERROR;
				CLANG_WARN_SUSPICIOUS_MOVES = YES;
				CLANG_WARN_UNREACHABLE_CODE = YES;
				CLANG_WARN__DUPLICATE_METHOD_MATCH = YES;
				"CODE_SIGN_IDENTITY[sdk=iphoneos*]" = "iPhone Developer";
				COPY_PHASE_STRIP = NO;
				DEBUG_INFORMATION_FORMAT = "dwarf-with-dsym";
				ENABLE_NS_ASSERTIONS = NO;
				ENABLE_STRICT_OBJC_MSGSEND = YES;
				GCC_C_LANGUAGE_STANDARD = gnu99;
				GCC_NO_COMMON_BLOCKS = YES;
				GCC_WARN_64_TO_32_BIT_CONVERSION = YES;
				GCC_WARN_ABOUT_RETURN_TYPE = YES_ERROR;
				GCC_WARN_UNDECLARED_SELECTOR = YES;
				GCC_WARN_UNINITIALIZED_AUTOS = YES_AGGRESSIVE;
				GCC_WARN_UNUSED_FUNCTION = YES;
				GCC_WARN_UNUSED_VARIABLE = YES;
				IPHONEOS_DEPLOYMENT_TARGET = 10.1;
				MTL_ENABLE_DEBUG_INFO = NO;
				SDKROOT = iphoneos;
				SWIFT_OPTIMIZATION_LEVEL = "-Owholemodule";
				VALIDATE_PRODUCT = YES;
			};
			name = Release;
		};
		38F806B51DE9786100846D13 /* Debug */ = {
			isa = XCBuildConfiguration;
			baseConfigurationReference = 64B652BD2B2CE605EABAD57A /* Pods-ATKdemo.debug.xcconfig */;
			buildSettings = {
				ASSETCATALOG_COMPILER_APPICON_NAME = AppIcon;
				DEVELOPMENT_TEAM = S7QWTC4RY5;
				INFOPLIST_FILE = ATKdemo/Info.plist;
				LD_RUNPATH_SEARCH_PATHS = "$(inherited) @executable_path/Frameworks";
				PRODUCT_BUNDLE_IDENTIFIER = com.xuhelios.ATKdemo;
				PRODUCT_NAME = "$(TARGET_NAME)";
				SWIFT_VERSION = 3.0;
			};
			name = Debug;
		};
		38F806B61DE9786100846D13 /* Release */ = {
			isa = XCBuildConfiguration;
			baseConfigurationReference = 59E66E1C84625423F0B66DFF /* Pods-ATKdemo.release.xcconfig */;
			buildSettings = {
				ASSETCATALOG_COMPILER_APPICON_NAME = AppIcon;
				DEVELOPMENT_TEAM = S7QWTC4RY5;
				INFOPLIST_FILE = ATKdemo/Info.plist;
				LD_RUNPATH_SEARCH_PATHS = "$(inherited) @executable_path/Frameworks";
				PRODUCT_BUNDLE_IDENTIFIER = com.xuhelios.ATKdemo;
				PRODUCT_NAME = "$(TARGET_NAME)";
				SWIFT_VERSION = 3.0;
			};
			name = Release;
		};
		38F806B81DE9786100846D13 /* Debug */ = {
			isa = XCBuildConfiguration;
			buildSettings = {
				ALWAYS_EMBED_SWIFT_STANDARD_LIBRARIES = YES;
				BUNDLE_LOADER = "$(TEST_HOST)";
				DEVELOPMENT_TEAM = S7QWTC4RY5;
				INFOPLIST_FILE = ATKdemoTests/Info.plist;
				LD_RUNPATH_SEARCH_PATHS = "$(inherited) @executable_path/Frameworks @loader_path/Frameworks";
				PRODUCT_BUNDLE_IDENTIFIER = com.xuhelios.ATKdemoTests;
				PRODUCT_NAME = "$(TARGET_NAME)";
				SWIFT_VERSION = 3.0;
				TEST_HOST = "$(BUILT_PRODUCTS_DIR)/ATKdemo.app/ATKdemo";
			};
			name = Debug;
		};
		38F806B91DE9786100846D13 /* Release */ = {
			isa = XCBuildConfiguration;
			buildSettings = {
				ALWAYS_EMBED_SWIFT_STANDARD_LIBRARIES = YES;
				BUNDLE_LOADER = "$(TEST_HOST)";
				DEVELOPMENT_TEAM = S7QWTC4RY5;
				INFOPLIST_FILE = ATKdemoTests/Info.plist;
				LD_RUNPATH_SEARCH_PATHS = "$(inherited) @executable_path/Frameworks @loader_path/Frameworks";
				PRODUCT_BUNDLE_IDENTIFIER = com.xuhelios.ATKdemoTests;
				PRODUCT_NAME = "$(TARGET_NAME)";
				SWIFT_VERSION = 3.0;
				TEST_HOST = "$(BUILT_PRODUCTS_DIR)/ATKdemo.app/ATKdemo";
			};
			name = Release;
		};
		38F806BB1DE9786100846D13 /* Debug */ = {
			isa = XCBuildConfiguration;
			buildSettings = {
				ALWAYS_EMBED_SWIFT_STANDARD_LIBRARIES = YES;
				DEVELOPMENT_TEAM = S7QWTC4RY5;
				INFOPLIST_FILE = ATKdemoUITests/Info.plist;
				LD_RUNPATH_SEARCH_PATHS = "$(inherited) @executable_path/Frameworks @loader_path/Frameworks";
				PRODUCT_BUNDLE_IDENTIFIER = com.xuhelios.ATKdemoUITests;
				PRODUCT_NAME = "$(TARGET_NAME)";
				SWIFT_VERSION = 3.0;
				TEST_TARGET_NAME = ATKdemo;
			};
			name = Debug;
		};
		38F806BC1DE9786100846D13 /* Release */ = {
			isa = XCBuildConfiguration;
			buildSettings = {
				ALWAYS_EMBED_SWIFT_STANDARD_LIBRARIES = YES;
				DEVELOPMENT_TEAM = S7QWTC4RY5;
				INFOPLIST_FILE = ATKdemoUITests/Info.plist;
				LD_RUNPATH_SEARCH_PATHS = "$(inherited) @executable_path/Frameworks @loader_path/Frameworks";
				PRODUCT_BUNDLE_IDENTIFIER = com.xuhelios.ATKdemoUITests;
				PRODUCT_NAME = "$(TARGET_NAME)";
				SWIFT_VERSION = 3.0;
				TEST_TARGET_NAME = ATKdemo;
			};
			name = Release;
		};
/* End XCBuildConfiguration section */

/* Begin XCConfigurationList section */
		38F806871DE9786000846D13 /* Build configuration list for PBXProject "ATKdemo" */ = {
			isa = XCConfigurationList;
			buildConfigurations = (
				38F806B21DE9786100846D13 /* Debug */,
				38F806B31DE9786100846D13 /* Release */,
			);
			defaultConfigurationIsVisible = 0;
			defaultConfigurationName = Release;
		};
		38F806B41DE9786100846D13 /* Build configuration list for PBXNativeTarget "ATKdemo" */ = {
			isa = XCConfigurationList;
			buildConfigurations = (
				38F806B51DE9786100846D13 /* Debug */,
				38F806B61DE9786100846D13 /* Release */,
			);
			defaultConfigurationIsVisible = 0;
			defaultConfigurationName = Release;
		};
		38F806B71DE9786100846D13 /* Build configuration list for PBXNativeTarget "ATKdemoTests" */ = {
			isa = XCConfigurationList;
			buildConfigurations = (
				38F806B81DE9786100846D13 /* Debug */,
				38F806B91DE9786100846D13 /* Release */,
			);
			defaultConfigurationIsVisible = 0;
			defaultConfigurationName = Release;
		};
		38F806BA1DE9786100846D13 /* Build configuration list for PBXNativeTarget "ATKdemoUITests" */ = {
			isa = XCConfigurationList;
			buildConfigurations = (
				38F806BB1DE9786100846D13 /* Debug */,
				38F806BC1DE9786100846D13 /* Release */,
			);
			defaultConfigurationIsVisible = 0;
			defaultConfigurationName = Release;
		};
/* End XCConfigurationList section */
	};
	rootObject = 38F806841DE9786000846D13 /* Project object */;
}
