// !$*UTF8*$!
{
	archiveVersion = 1;
	classes = {
	};
	objectVersion = 46;
	objects = {

/* Begin PBXBuildFile section */
		3802C30F1E4181060028707E /* MapView.swift in Sources */ = {isa = PBXBuildFile; fileRef = 3802C30E1E4181060028707E /* MapView.swift */; };
		380970AA1E41B63D00BB8391 /* Reachability.swift in Sources */ = {isa = PBXBuildFile; fileRef = 380970A91E41B63D00BB8391 /* Reachability.swift */; };
		38303D7E1E40735D00893536 /* Beacon_Resident.swift in Sources */ = {isa = PBXBuildFile; fileRef = 38303D7D1E40735D00893536 /* Beacon_Resident.swift */; };
		384DE4071E3AEC0C00528AD7 /* NearMeController.swift in Sources */ = {isa = PBXBuildFile; fileRef = 384DE4061E3AEC0C00528AD7 /* NearMeController.swift */; };
		388049141E304C4C009CF14F /* ResidentList.swift in Sources */ = {isa = PBXBuildFile; fileRef = 388049131E304C4C009CF14F /* ResidentList.swift */; };
		388049161E304FE9009CF14F /* BeaconController.swift in Sources */ = {isa = PBXBuildFile; fileRef = 388049151E304FE9009CF14F /* BeaconController.swift */; };
		388049181E3056EB009CF14F /* CustomTabBarController.swift in Sources */ = {isa = PBXBuildFile; fileRef = 388049171E3056EB009CF14F /* CustomTabBarController.swift */; };
		38C286401E2F3E60004526BF /* LoginController.swift in Sources */ = {isa = PBXBuildFile; fileRef = 38C2863F1E2F3E60004526BF /* LoginController.swift */; };
		38C3867A1E38804F00EE4727 /* ResidentInfo2.swift in Sources */ = {isa = PBXBuildFile; fileRef = 38C386791E38804F00EE4727 /* ResidentInfo2.swift */; };
		38C3867C1E3888A900EE4727 /* Detail.swift in Sources */ = {isa = PBXBuildFile; fileRef = 38C3867B1E3888A900EE4727 /* Detail.swift */; };
		38D563241E28B6A0004DE7A1 /* AppDelegate.swift in Sources */ = {isa = PBXBuildFile; fileRef = 38D563231E28B6A0004DE7A1 /* AppDelegate.swift */; };
		38D563291E28B6A0004DE7A1 /* Main.storyboard in Resources */ = {isa = PBXBuildFile; fileRef = 38D563271E28B6A0004DE7A1 /* Main.storyboard */; };
		38D5632E1E28B6A0004DE7A1 /* Assets.xcassets in Resources */ = {isa = PBXBuildFile; fileRef = 38D5632D1E28B6A0004DE7A1 /* Assets.xcassets */; };
		38D563311E28B6A0004DE7A1 /* LaunchScreen.storyboard in Resources */ = {isa = PBXBuildFile; fileRef = 38D5632F1E28B6A0004DE7A1 /* LaunchScreen.storyboard */; };
		38D5633C1E28B6A0004DE7A1 /* WeTrackTests.swift in Sources */ = {isa = PBXBuildFile; fileRef = 38D5633B1E28B6A0004DE7A1 /* WeTrackTests.swift */; };
		38D563471E28B6A0004DE7A1 /* WeTrackUITests.swift in Sources */ = {isa = PBXBuildFile; fileRef = 38D563461E28B6A0004DE7A1 /* WeTrackUITests.swift */; };
		38D563581E28BC77004DE7A1 /* Items.swift in Sources */ = {isa = PBXBuildFile; fileRef = 38D563571E28BC77004DE7A1 /* Items.swift */; };
		670365C49A2B43BFBB06E9B3 /* Pods_WeTrack.framework in Frameworks */ = {isa = PBXBuildFile; fileRef = 22D45AAD9A3520E6085A7B73 /* Pods_WeTrack.framework */; };
/* End PBXBuildFile section */

/* Begin PBXContainerItemProxy section */
		38D563381E28B6A0004DE7A1 /* PBXContainerItemProxy */ = {
			isa = PBXContainerItemProxy;
			containerPortal = 38D563181E28B6A0004DE7A1 /* Project object */;
			proxyType = 1;
			remoteGlobalIDString = 38D5631F1E28B6A0004DE7A1;
			remoteInfo = WeTrack;
		};
		38D563431E28B6A0004DE7A1 /* PBXContainerItemProxy */ = {
			isa = PBXContainerItemProxy;
			containerPortal = 38D563181E28B6A0004DE7A1 /* Project object */;
			proxyType = 1;
			remoteGlobalIDString = 38D5631F1E28B6A0004DE7A1;
			remoteInfo = WeTrack;
		};
/* End PBXContainerItemProxy section */

/* Begin PBXCopyFilesBuildPhase section */
		38303D841E4078F100893536 /* Embed Frameworks */ = {
			isa = PBXCopyFilesBuildPhase;
			buildActionMask = 2147483647;
			dstPath = "";
			dstSubfolderSpec = 10;
			files = (
			);
			name = "Embed Frameworks";
			runOnlyForDeploymentPostprocessing = 0;
		};
/* End PBXCopyFilesBuildPhase section */

/* Begin PBXFileReference section */
		22D45AAD9A3520E6085A7B73 /* Pods_WeTrack.framework */ = {isa = PBXFileReference; explicitFileType = wrapper.framework; includeInIndex = 0; path = Pods_WeTrack.framework; sourceTree = BUILT_PRODUCTS_DIR; };
		3802C30E1E4181060028707E /* MapView.swift */ = {isa = PBXFileReference; fileEncoding = 4; lastKnownFileType = sourcecode.swift; path = MapView.swift; sourceTree = "<group>"; };
		380970A91E41B63D00BB8391 /* Reachability.swift */ = {isa = PBXFileReference; fileEncoding = 4; lastKnownFileType = sourcecode.swift; path = Reachability.swift; sourceTree = "<group>"; };
		38303D7D1E40735D00893536 /* Beacon_Resident.swift */ = {isa = PBXFileReference; fileEncoding = 4; lastKnownFileType = sourcecode.swift; path = Beacon_Resident.swift; sourceTree = "<group>"; };
		384DE4061E3AEC0C00528AD7 /* NearMeController.swift */ = {isa = PBXFileReference; fileEncoding = 4; lastKnownFileType = sourcecode.swift; path = NearMeController.swift; sourceTree = "<group>"; };
		388049131E304C4C009CF14F /* ResidentList.swift */ = {isa = PBXFileReference; fileEncoding = 4; lastKnownFileType = sourcecode.swift; path = ResidentList.swift; sourceTree = "<group>"; };
		388049151E304FE9009CF14F /* BeaconController.swift */ = {isa = PBXFileReference; fileEncoding = 4; lastKnownFileType = sourcecode.swift; path = BeaconController.swift; sourceTree = "<group>"; };
		388049171E3056EB009CF14F /* CustomTabBarController.swift */ = {isa = PBXFileReference; fileEncoding = 4; lastKnownFileType = sourcecode.swift; path = CustomTabBarController.swift; sourceTree = "<group>"; };
		38C2863F1E2F3E60004526BF /* LoginController.swift */ = {isa = PBXFileReference; fileEncoding = 4; lastKnownFileType = sourcecode.swift; path = LoginController.swift; sourceTree = "<group>"; };
		38C386791E38804F00EE4727 /* ResidentInfo2.swift */ = {isa = PBXFileReference; fileEncoding = 4; lastKnownFileType = sourcecode.swift; path = ResidentInfo2.swift; sourceTree = "<group>"; };
		38C3867B1E3888A900EE4727 /* Detail.swift */ = {isa = PBXFileReference; fileEncoding = 4; lastKnownFileType = sourcecode.swift; path = Detail.swift; sourceTree = "<group>"; };
		38D563201E28B6A0004DE7A1 /* WeTrack.app */ = {isa = PBXFileReference; explicitFileType = wrapper.application; includeInIndex = 0; path = WeTrack.app; sourceTree = BUILT_PRODUCTS_DIR; };
		38D563231E28B6A0004DE7A1 /* AppDelegate.swift */ = {isa = PBXFileReference; lastKnownFileType = sourcecode.swift; path = AppDelegate.swift; sourceTree = "<group>"; };
		38D563281E28B6A0004DE7A1 /* Base */ = {isa = PBXFileReference; lastKnownFileType = file.storyboard; name = Base; path = Base.lproj/Main.storyboard; sourceTree = "<group>"; };
		38D5632D1E28B6A0004DE7A1 /* Assets.xcassets */ = {isa = PBXFileReference; lastKnownFileType = folder.assetcatalog; path = Assets.xcassets; sourceTree = "<group>"; };
		38D563301E28B6A0004DE7A1 /* Base */ = {isa = PBXFileReference; lastKnownFileType = file.storyboard; name = Base; path = Base.lproj/LaunchScreen.storyboard; sourceTree = "<group>"; };
		38D563321E28B6A0004DE7A1 /* Info.plist */ = {isa = PBXFileReference; lastKnownFileType = text.plist.xml; path = Info.plist; sourceTree = "<group>"; };
		38D563371E28B6A0004DE7A1 /* WeTrackTests.xctest */ = {isa = PBXFileReference; explicitFileType = wrapper.cfbundle; includeInIndex = 0; path = WeTrackTests.xctest; sourceTree = BUILT_PRODUCTS_DIR; };
		38D5633B1E28B6A0004DE7A1 /* WeTrackTests.swift */ = {isa = PBXFileReference; lastKnownFileType = sourcecode.swift; path = WeTrackTests.swift; sourceTree = "<group>"; };
		38D5633D1E28B6A0004DE7A1 /* Info.plist */ = {isa = PBXFileReference; lastKnownFileType = text.plist.xml; path = Info.plist; sourceTree = "<group>"; };
		38D563421E28B6A0004DE7A1 /* WeTrackUITests.xctest */ = {isa = PBXFileReference; explicitFileType = wrapper.cfbundle; includeInIndex = 0; path = WeTrackUITests.xctest; sourceTree = BUILT_PRODUCTS_DIR; };
		38D563461E28B6A0004DE7A1 /* WeTrackUITests.swift */ = {isa = PBXFileReference; lastKnownFileType = sourcecode.swift; path = WeTrackUITests.swift; sourceTree = "<group>"; };
		38D563481E28B6A0004DE7A1 /* Info.plist */ = {isa = PBXFileReference; lastKnownFileType = text.plist.xml; path = Info.plist; sourceTree = "<group>"; };
		38D563571E28BC77004DE7A1 /* Items.swift */ = {isa = PBXFileReference; fileEncoding = 4; lastKnownFileType = sourcecode.swift; path = Items.swift; sourceTree = "<group>"; };
		4EDDBCE614D377CDA43E8A3F /* Pods-WeTrack.release.xcconfig */ = {isa = PBXFileReference; includeInIndex = 1; lastKnownFileType = text.xcconfig; name = "Pods-WeTrack.release.xcconfig"; path = "Pods/Target Support Files/Pods-WeTrack/Pods-WeTrack.release.xcconfig"; sourceTree = "<group>"; };
		C52E4CA18A32599C47FC5DEB /* Pods-WeTrack.debug.xcconfig */ = {isa = PBXFileReference; includeInIndex = 1; lastKnownFileType = text.xcconfig; name = "Pods-WeTrack.debug.xcconfig"; path = "Pods/Target Support Files/Pods-WeTrack/Pods-WeTrack.debug.xcconfig"; sourceTree = "<group>"; };
/* End PBXFileReference section */

/* Begin PBXFrameworksBuildPhase section */
		38D5631D1E28B6A0004DE7A1 /* Frameworks */ = {
			isa = PBXFrameworksBuildPhase;
			buildActionMask = 2147483647;
			files = (
				670365C49A2B43BFBB06E9B3 /* Pods_WeTrack.framework in Frameworks */,
			);
			runOnlyForDeploymentPostprocessing = 0;
		};
		38D563341E28B6A0004DE7A1 /* Frameworks */ = {
			isa = PBXFrameworksBuildPhase;
			buildActionMask = 2147483647;
			files = (
			);
			runOnlyForDeploymentPostprocessing = 0;
		};
		38D5633F1E28B6A0004DE7A1 /* Frameworks */ = {
			isa = PBXFrameworksBuildPhase;
			buildActionMask = 2147483647;
			files = (
			);
			runOnlyForDeploymentPostprocessing = 0;
		};
/* End PBXFrameworksBuildPhase section */

/* Begin PBXGroup section */
		38D563171E28B6A0004DE7A1 = {
			isa = PBXGroup;
			children = (
				38D563221E28B6A0004DE7A1 /* WeTrack */,
				38D5633A1E28B6A0004DE7A1 /* WeTrackTests */,
				38D563451E28B6A0004DE7A1 /* WeTrackUITests */,
				38D563211E28B6A0004DE7A1 /* Products */,
				87EBC43B076F9660C80649C2 /* Pods */,
				D2A2695C493F1AAB40E42742 /* Frameworks */,
			);
			sourceTree = "<group>";
		};
		38D563211E28B6A0004DE7A1 /* Products */ = {
			isa = PBXGroup;
			children = (
				38D563201E28B6A0004DE7A1 /* WeTrack.app */,
				38D563371E28B6A0004DE7A1 /* WeTrackTests.xctest */,
				38D563421E28B6A0004DE7A1 /* WeTrackUITests.xctest */,
			);
			name = Products;
			sourceTree = "<group>";
		};
		38D563221E28B6A0004DE7A1 /* WeTrack */ = {
			isa = PBXGroup;
			children = (
				38C386791E38804F00EE4727 /* ResidentInfo2.swift */,
				388049151E304FE9009CF14F /* BeaconController.swift */,
				384DE4061E3AEC0C00528AD7 /* NearMeController.swift */,
				388049131E304C4C009CF14F /* ResidentList.swift */,
				388049171E3056EB009CF14F /* CustomTabBarController.swift */,
				3802C30E1E4181060028707E /* MapView.swift */,
				38C3867B1E3888A900EE4727 /* Detail.swift */,
				38D563271E28B6A0004DE7A1 /* Main.storyboard */,
				38D5632D1E28B6A0004DE7A1 /* Assets.xcassets */,
				380970A91E41B63D00BB8391 /* Reachability.swift */,
				38D5632F1E28B6A0004DE7A1 /* LaunchScreen.storyboard */,
				38303D7D1E40735D00893536 /* Beacon_Resident.swift */,
				38C2863F1E2F3E60004526BF /* LoginController.swift */,
				38D563321E28B6A0004DE7A1 /* Info.plist */,
				38D563231E28B6A0004DE7A1 /* AppDelegate.swift */,
				38D563571E28BC77004DE7A1 /* Items.swift */,
			);
			path = WeTrack;
			sourceTree = "<group>";
		};
		38D5633A1E28B6A0004DE7A1 /* WeTrackTests */ = {
			isa = PBXGroup;
			children = (
				38D5633B1E28B6A0004DE7A1 /* WeTrackTests.swift */,
				38D5633D1E28B6A0004DE7A1 /* Info.plist */,
			);
			path = WeTrackTests;
			sourceTree = "<group>";
		};
		38D563451E28B6A0004DE7A1 /* WeTrackUITests */ = {
			isa = PBXGroup;
			children = (
				38D563461E28B6A0004DE7A1 /* WeTrackUITests.swift */,
				38D563481E28B6A0004DE7A1 /* Info.plist */,
			);
			path = WeTrackUITests;
			sourceTree = "<group>";
		};
		87EBC43B076F9660C80649C2 /* Pods */ = {
			isa = PBXGroup;
			children = (
				C52E4CA18A32599C47FC5DEB /* Pods-WeTrack.debug.xcconfig */,
				4EDDBCE614D377CDA43E8A3F /* Pods-WeTrack.release.xcconfig */,
			);
			name = Pods;
			sourceTree = "<group>";
		};
		D2A2695C493F1AAB40E42742 /* Frameworks */ = {
			isa = PBXGroup;
			children = (
				22D45AAD9A3520E6085A7B73 /* Pods_WeTrack.framework */,
			);
			name = Frameworks;
			sourceTree = "<group>";
		};
/* End PBXGroup section */

/* Begin PBXNativeTarget section */
		38D5631F1E28B6A0004DE7A1 /* WeTrack */ = {
			isa = PBXNativeTarget;
			buildConfigurationList = 38D5634B1E28B6A0004DE7A1 /* Build configuration list for PBXNativeTarget "WeTrack" */;
			buildPhases = (
				20CB8572FE5A8EF33B960265 /* [CP] Check Pods Manifest.lock */,
				38D5631C1E28B6A0004DE7A1 /* Sources */,
				38D5631D1E28B6A0004DE7A1 /* Frameworks */,
				38D5631E1E28B6A0004DE7A1 /* Resources */,
				B62FAC99440DAFEF04B4F8B1 /* [CP] Embed Pods Frameworks */,
				DEE0FC303E8E2A6923C466B3 /* [CP] Copy Pods Resources */,
				38303D7F1E40763F00893536 /* Run Script */,
				38303D841E4078F100893536 /* Embed Frameworks */,
			);
			buildRules = (
			);
			dependencies = (
			);
			name = WeTrack;
			productName = WeTrack;
			productReference = 38D563201E28B6A0004DE7A1 /* WeTrack.app */;
			productType = "com.apple.product-type.application";
		};
		38D563361E28B6A0004DE7A1 /* WeTrackTests */ = {
			isa = PBXNativeTarget;
			buildConfigurationList = 38D5634E1E28B6A0004DE7A1 /* Build configuration list for PBXNativeTarget "WeTrackTests" */;
			buildPhases = (
				38D563331E28B6A0004DE7A1 /* Sources */,
				38D563341E28B6A0004DE7A1 /* Frameworks */,
				38D563351E28B6A0004DE7A1 /* Resources */,
			);
			buildRules = (
			);
			dependencies = (
				38D563391E28B6A0004DE7A1 /* PBXTargetDependency */,
			);
			name = WeTrackTests;
			productName = WeTrackTests;
			productReference = 38D563371E28B6A0004DE7A1 /* WeTrackTests.xctest */;
			productType = "com.apple.product-type.bundle.unit-test";
		};
		38D563411E28B6A0004DE7A1 /* WeTrackUITests */ = {
			isa = PBXNativeTarget;
			buildConfigurationList = 38D563511E28B6A0004DE7A1 /* Build configuration list for PBXNativeTarget "WeTrackUITests" */;
			buildPhases = (
				38D5633E1E28B6A0004DE7A1 /* Sources */,
				38D5633F1E28B6A0004DE7A1 /* Frameworks */,
				38D563401E28B6A0004DE7A1 /* Resources */,
			);
			buildRules = (
			);
			dependencies = (
				38D563441E28B6A0004DE7A1 /* PBXTargetDependency */,
			);
			name = WeTrackUITests;
			productName = WeTrackUITests;
			productReference = 38D563421E28B6A0004DE7A1 /* WeTrackUITests.xctest */;
			productType = "com.apple.product-type.bundle.ui-testing";
		};
/* End PBXNativeTarget section */

/* Begin PBXProject section */
		38D563181E28B6A0004DE7A1 /* Project object */ = {
			isa = PBXProject;
			attributes = {
				LastSwiftUpdateCheck = 0820;
				LastUpgradeCheck = 0820;
				ORGANIZATIONNAME = beacon;
				TargetAttributes = {
					38D5631F1E28B6A0004DE7A1 = {
						CreatedOnToolsVersion = 8.2.1;
						DevelopmentTeam = S7QWTC4RY5;
						ProvisioningStyle = Automatic;
						SystemCapabilities = {
							com.apple.BackgroundModes = {
								enabled = 1;
							};
						};
					};
					38D563361E28B6A0004DE7A1 = {
						CreatedOnToolsVersion = 8.2.1;
						DevelopmentTeam = S7QWTC4RY5;
						ProvisioningStyle = Automatic;
						TestTargetID = 38D5631F1E28B6A0004DE7A1;
					};
					38D563411E28B6A0004DE7A1 = {
						CreatedOnToolsVersion = 8.2.1;
						DevelopmentTeam = S7QWTC4RY5;
						ProvisioningStyle = Automatic;
						TestTargetID = 38D5631F1E28B6A0004DE7A1;
					};
				};
			};
			buildConfigurationList = 38D5631B1E28B6A0004DE7A1 /* Build configuration list for PBXProject "WeTrack" */;
			compatibilityVersion = "Xcode 3.2";
			developmentRegion = English;
			hasScannedForEncodings = 0;
			knownRegions = (
				en,
				Base,
			);
			mainGroup = 38D563171E28B6A0004DE7A1;
			productRefGroup = 38D563211E28B6A0004DE7A1 /* Products */;
			projectDirPath = "";
			projectRoot = "";
			targets = (
				38D5631F1E28B6A0004DE7A1 /* WeTrack */,
				38D563361E28B6A0004DE7A1 /* WeTrackTests */,
				38D563411E28B6A0004DE7A1 /* WeTrackUITests */,
			);
		};
/* End PBXProject section */

/* Begin PBXResourcesBuildPhase section */
		38D5631E1E28B6A0004DE7A1 /* Resources */ = {
			isa = PBXResourcesBuildPhase;
			buildActionMask = 2147483647;
			files = (
				38D563311E28B6A0004DE7A1 /* LaunchScreen.storyboard in Resources */,
				38D5632E1E28B6A0004DE7A1 /* Assets.xcassets in Resources */,
				38D563291E28B6A0004DE7A1 /* Main.storyboard in Resources */,
			);
			runOnlyForDeploymentPostprocessing = 0;
		};
		38D563351E28B6A0004DE7A1 /* Resources */ = {
			isa = PBXResourcesBuildPhase;
			buildActionMask = 2147483647;
			files = (
			);
			runOnlyForDeploymentPostprocessing = 0;
		};
		38D563401E28B6A0004DE7A1 /* Resources */ = {
			isa = PBXResourcesBuildPhase;
			buildActionMask = 2147483647;
			files = (
			);
			runOnlyForDeploymentPostprocessing = 0;
		};
/* End PBXResourcesBuildPhase section */

/* Begin PBXShellScriptBuildPhase section */
		20CB8572FE5A8EF33B960265 /* [CP] Check Pods Manifest.lock */ = {
			isa = PBXShellScriptBuildPhase;
			buildActionMask = 2147483647;
			files = (
			);
			inputPaths = (
			);
			name = "[CP] Check Pods Manifest.lock";
			outputPaths = (
			);
			runOnlyForDeploymentPostprocessing = 0;
			shellPath = /bin/sh;
			shellScript = "diff \"${PODS_ROOT}/../Podfile.lock\" \"${PODS_ROOT}/Manifest.lock\" > /dev/null\nif [ $? != 0 ] ; then\n    # print error to STDERR\n    echo \"error: The sandbox is not in sync with the Podfile.lock. Run 'pod install' or update your CocoaPods installation.\" >&2\n    exit 1\nfi\n";
			showEnvVarsInLog = 0;
		};
		38303D7F1E40763F00893536 /* Run Script */ = {
			isa = PBXShellScriptBuildPhase;
			buildActionMask = 2147483647;
			files = (
			);
			inputPaths = (
			);
			name = "Run Script";
			outputPaths = (
			);
			runOnlyForDeploymentPostprocessing = 0;
			shellPath = /bin/sh;
			shellScript = "";
		};
		B62FAC99440DAFEF04B4F8B1 /* [CP] Embed Pods Frameworks */ = {
			isa = PBXShellScriptBuildPhase;
			buildActionMask = 2147483647;
			files = (
			);
			inputPaths = (
			);
			name = "[CP] Embed Pods Frameworks";
			outputPaths = (
			);
			runOnlyForDeploymentPostprocessing = 0;
			shellPath = /bin/sh;
			shellScript = "\"${SRCROOT}/Pods/Target Support Files/Pods-WeTrack/Pods-WeTrack-frameworks.sh\"\n";
			showEnvVarsInLog = 0;
		};
		DEE0FC303E8E2A6923C466B3 /* [CP] Copy Pods Resources */ = {
			isa = PBXShellScriptBuildPhase;
			buildActionMask = 2147483647;
			files = (
			);
			inputPaths = (
			);
			name = "[CP] Copy Pods Resources";
			outputPaths = (
			);
			runOnlyForDeploymentPostprocessing = 0;
			shellPath = /bin/sh;
			shellScript = "\"${SRCROOT}/Pods/Target Support Files/Pods-WeTrack/Pods-WeTrack-resources.sh\"\n";
			showEnvVarsInLog = 0;
		};
/* End PBXShellScriptBuildPhase section */

/* Begin PBXSourcesBuildPhase section */
		38D5631C1E28B6A0004DE7A1 /* Sources */ = {
			isa = PBXSourcesBuildPhase;
			buildActionMask = 2147483647;
			files = (
				388049141E304C4C009CF14F /* ResidentList.swift in Sources */,
				3802C30F1E4181060028707E /* MapView.swift in Sources */,
				38C3867C1E3888A900EE4727 /* Detail.swift in Sources */,
				388049181E3056EB009CF14F /* CustomTabBarController.swift in Sources */,
				38D563581E28BC77004DE7A1 /* Items.swift in Sources */,
				384DE4071E3AEC0C00528AD7 /* NearMeController.swift in Sources */,
				38D563241E28B6A0004DE7A1 /* AppDelegate.swift in Sources */,
				388049161E304FE9009CF14F /* BeaconController.swift in Sources */,
				38C3867A1E38804F00EE4727 /* ResidentInfo2.swift in Sources */,
				380970AA1E41B63D00BB8391 /* Reachability.swift in Sources */,
				38C286401E2F3E60004526BF /* LoginController.swift in Sources */,
				38303D7E1E40735D00893536 /* Beacon_Resident.swift in Sources */,
			);
			runOnlyForDeploymentPostprocessing = 0;
		};
		38D563331E28B6A0004DE7A1 /* Sources */ = {
			isa = PBXSourcesBuildPhase;
			buildActionMask = 2147483647;
			files = (
				38D5633C1E28B6A0004DE7A1 /* WeTrackTests.swift in Sources */,
			);
			runOnlyForDeploymentPostprocessing = 0;
		};
		38D5633E1E28B6A0004DE7A1 /* Sources */ = {
			isa = PBXSourcesBuildPhase;
			buildActionMask = 2147483647;
			files = (
				38D563471E28B6A0004DE7A1 /* WeTrackUITests.swift in Sources */,
			);
			runOnlyForDeploymentPostprocessing = 0;
		};
/* End PBXSourcesBuildPhase section */

/* Begin PBXTargetDependency section */
		38D563391E28B6A0004DE7A1 /* PBXTargetDependency */ = {
			isa = PBXTargetDependency;
			target = 38D5631F1E28B6A0004DE7A1 /* WeTrack */;
			targetProxy = 38D563381E28B6A0004DE7A1 /* PBXContainerItemProxy */;
		};
		38D563441E28B6A0004DE7A1 /* PBXTargetDependency */ = {
			isa = PBXTargetDependency;
			target = 38D5631F1E28B6A0004DE7A1 /* WeTrack */;
			targetProxy = 38D563431E28B6A0004DE7A1 /* PBXContainerItemProxy */;
		};
/* End PBXTargetDependency section */

/* Begin PBXVariantGroup section */
		38D563271E28B6A0004DE7A1 /* Main.storyboard */ = {
			isa = PBXVariantGroup;
			children = (
				38D563281E28B6A0004DE7A1 /* Base */,
			);
			name = Main.storyboard;
			sourceTree = "<group>";
		};
		38D5632F1E28B6A0004DE7A1 /* LaunchScreen.storyboard */ = {
			isa = PBXVariantGroup;
			children = (
				38D563301E28B6A0004DE7A1 /* Base */,
			);
			name = LaunchScreen.storyboard;
			sourceTree = "<group>";
		};
/* End PBXVariantGroup section */

/* Begin XCBuildConfiguration section */
		38D563491E28B6A0004DE7A1 /* Debug */ = {
			isa = XCBuildConfiguration;
			buildSettings = {
				ALWAYS_SEARCH_USER_PATHS = NO;
				CLANG_ANALYZER_NONNULL = YES;
				CLANG_CXX_LANGUAGE_STANDARD = "gnu++0x";
				CLANG_CXX_LIBRARY = "libc++";
				CLANG_ENABLE_MODULES = YES;
				CLANG_ENABLE_OBJC_ARC = YES;
				CLANG_WARN_BOOL_CONVERSION = YES;
				CLANG_WARN_CONSTANT_CONVERSION = YES;
				CLANG_WARN_DIRECT_OBJC_ISA_USAGE = YES_ERROR;
				CLANG_WARN_DOCUMENTATION_COMMENTS = YES;
				CLANG_WARN_EMPTY_BODY = YES;
				CLANG_WARN_ENUM_CONVERSION = YES;
				CLANG_WARN_INFINITE_RECURSION = YES;
				CLANG_WARN_INT_CONVERSION = YES;
				CLANG_WARN_OBJC_ROOT_CLASS = YES_ERROR;
				CLANG_WARN_SUSPICIOUS_MOVE = YES;
				CLANG_WARN_UNREACHABLE_CODE = YES;
				CLANG_WARN__DUPLICATE_METHOD_MATCH = YES;
				"CODE_SIGN_IDENTITY[sdk=iphoneos*]" = "iPhone Developer";
				COPY_PHASE_STRIP = NO;
				DEBUG_INFORMATION_FORMAT = dwarf;
				ENABLE_STRICT_OBJC_MSGSEND = YES;
				ENABLE_TESTABILITY = YES;
				GCC_C_LANGUAGE_STANDARD = gnu99;
				GCC_DYNAMIC_NO_PIC = NO;
				GCC_NO_COMMON_BLOCKS = YES;
				GCC_OPTIMIZATION_LEVEL = 0;
				GCC_PREPROCESSOR_DEFINITIONS = (
					"DEBUG=1",
					"$(inherited)",
				);
				GCC_WARN_64_TO_32_BIT_CONVERSION = YES;
				GCC_WARN_ABOUT_RETURN_TYPE = YES_ERROR;
				GCC_WARN_UNDECLARED_SELECTOR = YES;
				GCC_WARN_UNINITIALIZED_AUTOS = YES_AGGRESSIVE;
				GCC_WARN_UNUSED_FUNCTION = YES;
				GCC_WARN_UNUSED_VARIABLE = YES;
				IPHONEOS_DEPLOYMENT_TARGET = 10.2;
				MTL_ENABLE_DEBUG_INFO = YES;
				ONLY_ACTIVE_ARCH = YES;
				SDKROOT = iphoneos;
				SWIFT_ACTIVE_COMPILATION_CONDITIONS = DEBUG;
				SWIFT_OPTIMIZATION_LEVEL = "-Onone";
			};
			name = Debug;
		};
		38D5634A1E28B6A0004DE7A1 /* Release */ = {
			isa = XCBuildConfiguration;
			buildSettings = {
				ALWAYS_SEARCH_USER_PATHS = NO;
				CLANG_ANALYZER_NONNULL = YES;
				CLANG_CXX_LANGUAGE_STANDARD = "gnu++0x";
				CLANG_CXX_LIBRARY = "libc++";
				CLANG_ENABLE_MODULES = YES;
				CLANG_ENABLE_OBJC_ARC = YES;
				CLANG_WARN_BOOL_CONVERSION = YES;
				CLANG_WARN_CONSTANT_CONVERSION = YES;
				CLANG_WARN_DIRECT_OBJC_ISA_USAGE = YES_ERROR;
				CLANG_WARN_DOCUMENTATION_COMMENTS = YES;
				CLANG_WARN_EMPTY_BODY = YES;
				CLANG_WARN_ENUM_CONVERSION = YES;
				CLANG_WARN_INFINITE_RECURSION = YES;
				CLANG_WARN_INT_CONVERSION = YES;
				CLANG_WARN_OBJC_ROOT_CLASS = YES_ERROR;
				CLANG_WARN_SUSPICIOUS_MOVE = YES;
				CLANG_WARN_UNREACHABLE_CODE = YES;
				CLANG_WARN__DUPLICATE_METHOD_MATCH = YES;
				"CODE_SIGN_IDENTITY[sdk=iphoneos*]" = "iPhone Developer";
				COPY_PHASE_STRIP = NO;
				DEBUG_INFORMATION_FORMAT = "dwarf-with-dsym";
				ENABLE_NS_ASSERTIONS = NO;
				ENABLE_STRICT_OBJC_MSGSEND = YES;
				GCC_C_LANGUAGE_STANDARD = gnu99;
				GCC_NO_COMMON_BLOCKS = YES;
				GCC_WARN_64_TO_32_BIT_CONVERSION = YES;
				GCC_WARN_ABOUT_RETURN_TYPE = YES_ERROR;
				GCC_WARN_UNDECLARED_SELECTOR = YES;
				GCC_WARN_UNINITIALIZED_AUTOS = YES_AGGRESSIVE;
				GCC_WARN_UNUSED_FUNCTION = YES;
				GCC_WARN_UNUSED_VARIABLE = YES;
				IPHONEOS_DEPLOYMENT_TARGET = 10.2;
				MTL_ENABLE_DEBUG_INFO = NO;
				SDKROOT = iphoneos;
				SWIFT_OPTIMIZATION_LEVEL = "-Owholemodule";
				VALIDATE_PRODUCT = YES;
			};
			name = Release;
		};
		38D5634C1E28B6A0004DE7A1 /* Debug */ = {
			isa = XCBuildConfiguration;
			baseConfigurationReference = C52E4CA18A32599C47FC5DEB /* Pods-WeTrack.debug.xcconfig */;
			buildSettings = {
				ALWAYS_EMBED_SWIFT_STANDARD_LIBRARIES = YES;
				ASSETCATALOG_COMPILER_APPICON_NAME = AppIcon;
				DEVELOPMENT_TEAM = S7QWTC4RY5;
				FRAMEWORK_SEARCH_PATHS = (
					"$(inherited)",
					"$(PROJECT_DIR)",
					"$(SRCROOT)",
				);
				INFOPLIST_FILE = WeTrack/Info.plist;
				LD_RUNPATH_SEARCH_PATHS = "$(inherited) @executable_path/Frameworks";
				PRODUCT_BUNDLE_IDENTIFIER = com.beacon.WeTrack2;
				PRODUCT_NAME = "$(TARGET_NAME)";
				SWIFT_VERSION = 3.0;
			};
			name = Debug;
		};
		38D5634D1E28B6A0004DE7A1 /* Release */ = {
			isa = XCBuildConfiguration;
			baseConfigurationReference = 4EDDBCE614D377CDA43E8A3F /* Pods-WeTrack.release.xcconfig */;
			buildSettings = {
				ALWAYS_EMBED_SWIFT_STANDARD_LIBRARIES = YES;
				ASSETCATALOG_COMPILER_APPICON_NAME = AppIcon;
				DEVELOPMENT_TEAM = S7QWTC4RY5;
				FRAMEWORK_SEARCH_PATHS = (
					"$(inherited)",
					"$(PROJECT_DIR)",
					"$(SRCROOT)",
				);
				INFOPLIST_FILE = WeTrack/Info.plist;
				LD_RUNPATH_SEARCH_PATHS = "$(inherited) @executable_path/Frameworks";
				PRODUCT_BUNDLE_IDENTIFIER = com.beacon.WeTrack2;
				PRODUCT_NAME = "$(TARGET_NAME)";
				SWIFT_VERSION = 3.0;
			};
			name = Release;
		};
		38D5634F1E28B6A0004DE7A1 /* Debug */ = {
			isa = XCBuildConfiguration;
			buildSettings = {
				ALWAYS_EMBED_SWIFT_STANDARD_LIBRARIES = YES;
				BUNDLE_LOADER = "$(TEST_HOST)";
				DEVELOPMENT_TEAM = S7QWTC4RY5;
				INFOPLIST_FILE = WeTrackTests/Info.plist;
				LD_RUNPATH_SEARCH_PATHS = "$(inherited) @executable_path/Frameworks @loader_path/Frameworks";
				PRODUCT_BUNDLE_IDENTIFIER = com.beacon.WeTrackTests;
				PRODUCT_NAME = "$(TARGET_NAME)";
				SWIFT_VERSION = 3.0;
				TEST_HOST = "$(BUILT_PRODUCTS_DIR)/WeTrack.app/WeTrack";
			};
			name = Debug;
		};
		38D563501E28B6A0004DE7A1 /* Release */ = {
			isa = XCBuildConfiguration;
			buildSettings = {
				ALWAYS_EMBED_SWIFT_STANDARD_LIBRARIES = YES;
				BUNDLE_LOADER = "$(TEST_HOST)";
				DEVELOPMENT_TEAM = S7QWTC4RY5;
				INFOPLIST_FILE = WeTrackTests/Info.plist;
				LD_RUNPATH_SEARCH_PATHS = "$(inherited) @executable_path/Frameworks @loader_path/Frameworks";
				PRODUCT_BUNDLE_IDENTIFIER = com.beacon.WeTrackTests;
				PRODUCT_NAME = "$(TARGET_NAME)";
				SWIFT_VERSION = 3.0;
				TEST_HOST = "$(BUILT_PRODUCTS_DIR)/WeTrack.app/WeTrack";
			};
			name = Release;
		};
		38D563521E28B6A0004DE7A1 /* Debug */ = {
			isa = XCBuildConfiguration;
			buildSettings = {
				ALWAYS_EMBED_SWIFT_STANDARD_LIBRARIES = YES;
				DEVELOPMENT_TEAM = S7QWTC4RY5;
				INFOPLIST_FILE = WeTrackUITests/Info.plist;
				LD_RUNPATH_SEARCH_PATHS = "$(inherited) @executable_path/Frameworks @loader_path/Frameworks";
				PRODUCT_BUNDLE_IDENTIFIER = com.beacon.WeTrackUITests;
				PRODUCT_NAME = "$(TARGET_NAME)";
				SWIFT_VERSION = 3.0;
				TEST_TARGET_NAME = WeTrack;
			};
			name = Debug;
		};
		38D563531E28B6A0004DE7A1 /* Release */ = {
			isa = XCBuildConfiguration;
			buildSettings = {
				ALWAYS_EMBED_SWIFT_STANDARD_LIBRARIES = YES;
				DEVELOPMENT_TEAM = S7QWTC4RY5;
				INFOPLIST_FILE = WeTrackUITests/Info.plist;
				LD_RUNPATH_SEARCH_PATHS = "$(inherited) @executable_path/Frameworks @loader_path/Frameworks";
				PRODUCT_BUNDLE_IDENTIFIER = com.beacon.WeTrackUITests;
				PRODUCT_NAME = "$(TARGET_NAME)";
				SWIFT_VERSION = 3.0;
				TEST_TARGET_NAME = WeTrack;
			};
			name = Release;
		};
/* End XCBuildConfiguration section */

/* Begin XCConfigurationList section */
		38D5631B1E28B6A0004DE7A1 /* Build configuration list for PBXProject "WeTrack" */ = {
			isa = XCConfigurationList;
			buildConfigurations = (
				38D563491E28B6A0004DE7A1 /* Debug */,
				38D5634A1E28B6A0004DE7A1 /* Release */,
			);
			defaultConfigurationIsVisible = 0;
			defaultConfigurationName = Release;
		};
		38D5634B1E28B6A0004DE7A1 /* Build configuration list for PBXNativeTarget "WeTrack" */ = {
			isa = XCConfigurationList;
			buildConfigurations = (
				38D5634C1E28B6A0004DE7A1 /* Debug */,
				38D5634D1E28B6A0004DE7A1 /* Release */,
			);
			defaultConfigurationIsVisible = 0;
			defaultConfigurationName = Release;
		};
		38D5634E1E28B6A0004DE7A1 /* Build configuration list for PBXNativeTarget "WeTrackTests" */ = {
			isa = XCConfigurationList;
			buildConfigurations = (
				38D5634F1E28B6A0004DE7A1 /* Debug */,
				38D563501E28B6A0004DE7A1 /* Release */,
			);
			defaultConfigurationIsVisible = 0;
			defaultConfigurationName = Release;
		};
		38D563511E28B6A0004DE7A1 /* Build configuration list for PBXNativeTarget "WeTrackUITests" */ = {
			isa = XCConfigurationList;
			buildConfigurations = (
				38D563521E28B6A0004DE7A1 /* Debug */,
				38D563531E28B6A0004DE7A1 /* Release */,
			);
			defaultConfigurationIsVisible = 0;
			defaultConfigurationName = Release;
		};
/* End XCConfigurationList section */
	};
	rootObject = 38D563181E28B6A0004DE7A1 /* Project object */;
}
